
Microsoft Visual Studio Solution File, Format Version 12.00
# Visual Studio Version 16
VisualStudioVersion = 16.0.29123.88
MinimumVisualStudioVersion = 10.0.40219.1
Project("{FAE04EC0-301F-11D3-BF4B-00C04F79EFBC}") = "IPWhiteListing", "IPWhiteListing\IPWhiteListing.csproj", "{8F842040-7BD6-4D72-ACE4-748235A57FC3}"
EndProject
Global
	GlobalSection(SolutionConfigurationPlatforms) = preSolution
		Debug|Any CPU = Debug|Any CPU
		Release|Any CPU = Release|Any CPU
	EndGlobalSection
	GlobalSection(ProjectConfigurationPlatforms) = postSolution
		{8F842040-7BD6-4D72-ACE4-748235A57FC3}.Debug|Any CPU.ActiveCfg = Debug|Any CPU
		{8F842040-7BD6-4D72-ACE4-748235A57FC3}.Debug|Any CPU.Build.0 = Debug|Any CPU
		{8F842040-7BD6-4D72-ACE4-748235A57FC3}.Release|Any CPU.ActiveCfg = Release|Any CPU
		{8F842040-7BD6-4D72-ACE4-748235A57FC3}.Release|Any CPU.Build.0 = Release|Any CPU
	EndGlobalSection
	GlobalSection(SolutionProperties) = preSolution
		HideSolutionNode = FALSE
	EndGlobalSection
	GlobalSection(ExtensibilityGlobals) = postSolution
		SolutionGuid = {BF2F5B62-9A1F-4571-AEC7-5773CAADC8B3}
	EndGlobalSection
EndGlobal
